hash: 66f49133ec529e135c6637ddbc8f078ad60f3e9b6c2c6000c45e91c979b70194
updated: 2018-03-25T18:04:03.403775+08:00
imports:
- name: github.com/coreos/etcd
  version: 28f3f26c0e303392556035b694f75768d449d33d
  subpackages:
  - client
  - pkg/pathutil
  - pkg/srv
  - pkg/types
  - version
- name: github.com/coreos/go-semver
  version: 8ab6407b697782a06568d4b7f1db25550ec2e4c6
  subpackages:
  - semver
- name: github.com/docker/libkv
  version: aabc039ad04deb721e234f99cd1b4aa28ac71a40
  subpackages:
  - store
  - store/consul
  - store/etcd
- name: github.com/fatih/color
  version: 507f6050b8568533fb3f5504de8e5205fa62a114
- name: github.com/golang/protobuf
  version: 5a0f697c9ed9d68fef0116532c6e05cfeae00e55
  subpackages:
  - proto
- name: github.com/hashicorp/consul
  version: 185f971a0b52fd0c29b404a0cabfe4d3d1bf4ce9
  subpackages:
  - api
- name: github.com/hashicorp/go-cleanhttp
  version: 06c9ea3a335b7443026f8124b22619524420291b
- name: github.com/hashicorp/go-rootcerts
  version: 6bb64b370b90e7ef1fa532be9e591a81c3493e00
- name: github.com/hashicorp/serf
  version: ecf2bb3b4cb80cf2371d2993fbf1af187f718a84
  subpackages:
  - coordinate
- name: github.com/klauspost/cpuid
  version: eae9b3e628d72774e13bdf024e78c0802f85a5b9
- name: github.com/klauspost/reedsolomon
  version: e52c150f961e65ab9538bf1276b33bf469f919d8
- name: github.com/marten-seemann/quic-conn
  version: 00b4bd4d14b59a4823aaab31e0b6220198b1ae36
- name: github.com/mattn/go-colorable
  version: 5411d3eea5978e6cdc258b30de592b60df6aba96
- name: github.com/mattn/go-isatty
  version: 57fdcb988a5c543893cc61bce354a6e24ab70022
- name: github.com/mitchellh/go-homedir
  version: b8bc1bf767474819792c23f32d8286a45736f1c6
- name: github.com/pkg/errors
  version: 645ef00459ed84a119197bfb8d8205042c6df63d
- name: github.com/rubyist/circuitbreaker
  version: 2074adba5ddc7d5f7559448a9c3066573521c5bf
- name: github.com/tatsushid/go-fastping
  version: d7bb493dee3e090e2ffb6914adddf17c1e7c026c
- name: github.com/templexxx/cpufeat
  version: 3794dfbfb04749f896b521032f69383f24c3687e
- name: github.com/templexxx/xor
  version: 0af8e873c554da75f37f2049cdffda804533d44c
- name: github.com/tjfoc/gmsm
  version: 98aa888b79d8de04afe0fccf45ed10594efc858b
  subpackages:
  - sm4
- name: github.com/ugorji/go
  version: bdcc60b419d136a85cdf2e7cbcac34b3f1cd6e57
  subpackages:
  - codec
- name: github.com/valyala/fastrand
  version: 19dd0f0bf014a807b05fd196f4da235af618fc94
- name: github.com/vmihailenco/msgpack
  version: 7eb5d7335e1aa947b407fdae890e6f55ff8debb6
  subpackages:
  - codes
- name: github.com/xtaci/kcp-go
  version: 42bc1dfefff592fdb3affa793980c4f6ab4213e5
- name: golang.org/x/crypto
  version: 9419663f5a44be8b34ca85f08abc5fe1be11f8a3
  subpackages:
  - blowfish
  - cast5
  - pbkdf2
  - salsa20
  - salsa20/salsa
  - tea
  - twofish
  - xtea
- name: golang.org/x/net
  version: 66aacef3dd8a676686c7ae3716979581e8b03c47
  subpackages:
  - bpf
  - context
  - icmp
  - internal/iana
  - internal/socket
  - ipv4
  - ipv6
- name: golang.org/x/sys
  version: e24f485414aeafb646f6fca458b0bf869c0880a1
  subpackages:
  - unix
- name: google.golang.org/appengine
  version: 5bee14b453b4c71be47ec1781b0fa61c2ea182db
  subpackages:
  - datastore
  - internal
  - internal/app_identity
  - internal/base
  - internal/datastore
  - internal/log
  - internal/modules
  - internal/remote_api
testImports:
- name: github.com/cenk/backoff
  version: 309aa717adbf351e92864cbedf9cca0b769a4b5a
- name: github.com/facebookgo/clock
  version: 600d898af40aa09a7a93ecb9265d87b0504b6f03
